// !$*UTF8*$!
{
	archiveVersion = 1;
	classes = {
	};
	objectVersion = 50;
	objects = {

/* Begin PBXBuildFile section */
		101BF6C72212077B0039BA97 /* Music.cpp in Sources */ = {isa = PBXBuildFile; fileRef = 101BF6C62212077B0039BA97 /* Music.cpp */; };
		105B3D9D22415EDA007CD0EF /* GraphTester.cpp in Sources */ = {isa = PBXBuildFile; fileRef = 105B3D9B22415EDA007CD0EF /* GraphTester.cpp */; };
		1065FF2621FF8C13002D7E58 /* Controller.cpp in Sources */ = {isa = PBXBuildFile; fileRef = 1065FF2421FF8C13002D7E58 /* Controller.cpp */; };
		1065FF2821FF8C25002D7E58 /* Runner.cpp in Sources */ = {isa = PBXBuildFile; fileRef = 1065FF2721FF8C25002D7E58 /* Runner.cpp */; };
		10E668142214AEAC00398959 /* LinearTester.cpp in Sources */ = {isa = PBXBuildFile; fileRef = 10E668122214AEAC00398959 /* LinearTester.cpp */; };
		10E8A348220A19A200638E7E /* Timer.cpp in Sources */ = {isa = PBXBuildFile; fileRef = 10E8A346220A19A200638E7E /* Timer.cpp */; };
		10E8A34D220A1FD100638E7E /* FileController.cpp in Sources */ = {isa = PBXBuildFile; fileRef = 10E8A34B220A1FD100638E7E /* FileController.cpp */; };
		10E8A351220A1FF900638E7E /* CrimeData.cpp in Sources */ = {isa = PBXBuildFile; fileRef = 10E8A350220A1FF900638E7E /* CrimeData.cpp */; };
/* End PBXBuildFile section */

/* Begin PBXCopyFilesBuildPhase section */
		1065FF1821FF8BB8002D7E58 /* CopyFiles */ = {
			isa = PBXCopyFilesBuildPhase;
			buildActionMask = 2147483647;
			dstPath = /usr/share/man/man1/;
			dstSubfolderSpec = 0;
			files = (
			);
			runOnlyForDeploymentPostprocessing = 1;
		};
/* End PBXCopyFilesBuildPhase section */

/* Begin PBXFileReference section */
		101BF6C62212077B0039BA97 /* Music.cpp */ = {isa = PBXFileReference; fileEncoding = 4; lastKnownFileType = sourcecode.cpp.cpp; path = Music.cpp; sourceTree = "<group>"; };
		101BF6C8221207A50039BA97 /* music.csv */ = {isa = PBXFileReference; lastKnownFileType = text; path = music.csv; sourceTree = "<group>"; };
		101BF6CA22120DF70039BA97 /* Queue.hpp */ = {isa = PBXFileReference; lastKnownFileType = sourcecode.cpp.h; path = Queue.hpp; sourceTree = "<group>"; };
		101BF6CD221211C70039BA97 /* Stack.hpp */ = {isa = PBXFileReference; lastKnownFileType = sourcecode.cpp.h; path = Stack.hpp; sourceTree = "<group>"; };
		105B3D9B22415EDA007CD0EF /* GraphTester.cpp */ = {isa = PBXFileReference; lastKnownFileType = sourcecode.cpp.cpp; path = GraphTester.cpp; sourceTree = "<group>"; };
		105B3D9C22415EDA007CD0EF /* GraphTester.hpp */ = {isa = PBXFileReference; lastKnownFileType = sourcecode.cpp.h; path = GraphTester.hpp; sourceTree = "<group>"; };
		1065FF1A21FF8BB8002D7E58 /* DataStructures */ = {isa = PBXFileReference; explicitFileType = "compiled.mach-o.executable"; includeInIndex = 0; path = DataStructures; sourceTree = BUILT_PRODUCTS_DIR; };
		1065FF2421FF8C13002D7E58 /* Controller.cpp */ = {isa = PBXFileReference; lastKnownFileType = sourcecode.cpp.cpp; path = Controller.cpp; sourceTree = "<group>"; };
		1065FF2521FF8C13002D7E58 /* Controller.hpp */ = {isa = PBXFileReference; lastKnownFileType = sourcecode.cpp.h; path = Controller.hpp; sourceTree = "<group>"; };
		1065FF2721FF8C25002D7E58 /* Runner.cpp */ = {isa = PBXFileReference; lastKnownFileType = sourcecode.cpp.cpp; path = Runner.cpp; sourceTree = "<group>"; };
		107824E5221F2CDB00EA5DD5 /* DoubleNode.hpp */ = {isa = PBXFileReference; lastKnownFileType = sourcecode.cpp.h; path = DoubleNode.hpp; sourceTree = "<group>"; };
		107824E8221F30C900EA5DD5 /* CircularList.hpp */ = {isa = PBXFileReference; lastKnownFileType = sourcecode.cpp.h; path = CircularList.hpp; sourceTree = "<group>"; };
		1092CBA7220E1B65008F30CC /* List.hpp */ = {isa = PBXFileReference; lastKnownFileType = sourcecode.cpp.h; path = List.hpp; sourceTree = "<group>"; };
		1092CBAA220E1C9A008F30CC /* LinkedList.hpp */ = {isa = PBXFileReference; lastKnownFileType = sourcecode.cpp.h; path = LinkedList.hpp; sourceTree = "<group>"; };
		10E668122214AEAC00398959 /* LinearTester.cpp */ = {isa = PBXFileReference; lastKnownFileType = sourcecode.cpp.cpp; path = LinearTester.cpp; sourceTree = "<group>"; };
		10E668132214AEAC00398959 /* LinearTester.hpp */ = {isa = PBXFileReference; lastKnownFileType = sourcecode.cpp.h; path = LinearTester.hpp; sourceTree = "<group>"; };
		10E7E8CD223064A6007B7AEB /* Graph.hpp */ = {isa = PBXFileReference; lastKnownFileType = sourcecode.cpp.h; path = Graph.hpp; sourceTree = "<group>"; };
		10E8A346220A19A200638E7E /* Timer.cpp */ = {isa = PBXFileReference; lastKnownFileType = sourcecode.cpp.cpp; path = Timer.cpp; sourceTree = "<group>"; };
		10E8A347220A19A200638E7E /* Timer.hpp */ = {isa = PBXFileReference; lastKnownFileType = sourcecode.cpp.h; path = Timer.hpp; sourceTree = "<group>"; };
		10E8A34B220A1FD100638E7E /* FileController.cpp */ = {isa = PBXFileReference; lastKnownFileType = sourcecode.cpp.cpp; path = FileController.cpp; sourceTree = "<group>"; };
		10E8A34C220A1FD100638E7E /* FileController.hpp */ = {isa = PBXFileReference; lastKnownFileType = sourcecode.cpp.h; path = FileController.hpp; sourceTree = "<group>"; };
		10E8A34F220A1FF500638E7E /* crime.csv */ = {isa = PBXFileReference; lastKnownFileType = text; path = crime.csv; sourceTree = "<group>"; };
		10E8A350220A1FF900638E7E /* CrimeData.cpp */ = {isa = PBXFileReference; fileEncoding = 4; lastKnownFileType = sourcecode.cpp.cpp; path = CrimeData.cpp; sourceTree = "<group>"; };
		10E8A352220A1FFD00638E7E /* CrimeData.hpp */ = {isa = PBXFileReference; lastKnownFileType = sourcecode.cpp.h; path = CrimeData.hpp; sourceTree = "<group>"; };
		10E8A355220A202F00638E7E /* Music.hpp */ = {isa = PBXFileReference; lastKnownFileType = sourcecode.cpp.h; path = Music.hpp; sourceTree = "<group>"; };
		10FD59472202273900DBBBA9 /* LinearNode.hpp */ = {isa = PBXFileReference; lastKnownFileType = sourcecode.cpp.h; path = LinearNode.hpp; sourceTree = "<group>"; };
		10FD59482202275200DBBBA9 /* Node.hpp */ = {isa = PBXFileReference; lastKnownFileType = sourcecode.cpp.h; path = Node.hpp; sourceTree = "<group>"; };
		10FD59492202397700DBBBA9 /* Array.hpp */ = {isa = PBXFileReference; lastKnownFileType = sourcecode.cpp.h; path = Array.hpp; sourceTree = "<group>"; };
/* End PBXFileReference section */

/* Begin PBXFrameworksBuildPhase section */
		1065FF1721FF8BB8002D7E58 /* Frameworks */ = {
			isa = PBXFrameworksBuildPhase;
			buildActionMask = 2147483647;
			files = (
			);
			runOnlyForDeploymentPostprocessing = 0;
		};
/* End PBXFrameworksBuildPhase section */

/* Begin PBXGroup section */
		101BF6C22211F8730039BA97 /* Diagram */ = {
			isa = PBXGroup;
			children = (
			);
			path = Diagram;
			sourceTree = "<group>";
		};
		1065FF1121FF8BB8002D7E58 = {
			isa = PBXGroup;
			children = (
				1065FF1C21FF8BB8002D7E58 /* DataStructures */,
				1065FF1B21FF8BB8002D7E58 /* Products */,
				101BF6C22211F8730039BA97 /* Diagram */,
			);
			sourceTree = "<group>";
		};
		1065FF1B21FF8BB8002D7E58 /* Products */ = {
			isa = PBXGroup;
			children = (
				1065FF1A21FF8BB8002D7E58 /* DataStructures */,
			);
			name = Products;
			sourceTree = "<group>";
		};
		1065FF1C21FF8BB8002D7E58 /* DataStructures */ = {
			isa = PBXGroup;
			children = (
				10E668112214AE5E00398959 /* Testers */,
				1065FF2B21FF8C5C002D7E58 /* Resources */,
				1065FF2A21FF8C52002D7E58 /* Controller */,
				1065FF2921FF8C3F002D7E58 /* Model */,
			);
			path = DataStructures;
			sourceTree = "<group>";
		};
		1065FF2921FF8C3F002D7E58 /* Model */ = {
			isa = PBXGroup;
			children = (
				10E7E8CB2230648A007B7AEB /* NonLinear */,
				10FD59452202269600DBBBA9 /* Nodes */,
				10FD594A22023C8600DBBBA9 /* Linear */,
			);
			path = Model;
			sourceTree = "<group>";
		};
		1065FF2A21FF8C52002D7E58 /* Controller */ = {
			isa = PBXGroup;
			children = (
				10E668152214B43F00398959 /* Tools */,
				1065FF2521FF8C13002D7E58 /* Controller.hpp */,
				1065FF2421FF8C13002D7E58 /* Controller.cpp */,
				1065FF2721FF8C25002D7E58 /* Runner.cpp */,
				10E8A34B220A1FD100638E7E /* FileController.cpp */,
				10E8A34C220A1FD100638E7E /* FileController.hpp */,
			);
			path = Controller;
			sourceTree = "<group>";
		};
		1065FF2B21FF8C5C002D7E58 /* Resources */ = {
			isa = PBXGroup;
			children = (
				101BF6C8221207A50039BA97 /* music.csv */,
				101BF6C62212077B0039BA97 /* Music.cpp */,
				10E8A355220A202F00638E7E /* Music.hpp */,
				10E8A352220A1FFD00638E7E /* CrimeData.hpp */,
				10E8A350220A1FF900638E7E /* CrimeData.cpp */,
				10E8A34F220A1FF500638E7E /* crime.csv */,
			);
			path = Resources;
			sourceTree = "<group>";
		};
		10E668112214AE5E00398959 /* Testers */ = {
			isa = PBXGroup;
			children = (
				10E668122214AEAC00398959 /* LinearTester.cpp */,
				10E668132214AEAC00398959 /* LinearTester.hpp */,
				105B3D9B22415EDA007CD0EF /* GraphTester.cpp */,
				105B3D9C22415EDA007CD0EF /* GraphTester.hpp */,
			);
			path = Testers;
			sourceTree = "<group>";
		};
		10E668152214B43F00398959 /* Tools */ = {
			isa = PBXGroup;
			children = (
				10E8A347220A19A200638E7E /* Timer.hpp */,
				10E8A346220A19A200638E7E /* Timer.cpp */,
			);
			path = Tools;
			sourceTree = "<group>";
		};
		10E7E8CB2230648A007B7AEB /* NonLinear */ = {
			isa = PBXGroup;
			children = (
				10E7E8CD223064A6007B7AEB /* Graph.hpp */,
			);
			path = NonLinear;
			sourceTree = "<group>";
		};
		10FD59452202269600DBBBA9 /* Nodes */ = {
			isa = PBXGroup;
			children = (
				107824E8221F30C900EA5DD5 /* CircularList.hpp */,
				107824E5221F2CDB00EA5DD5 /* DoubleNode.hpp */,
				10FD59472202273900DBBBA9 /* LinearNode.hpp */,
				10FD59482202275200DBBBA9 /* Node.hpp */,
			);
			path = Nodes;
			sourceTree = "<group>";
		};
		10FD594A22023C8600DBBBA9 /* Linear */ = {
			isa = PBXGroup;
			children = (
				10FD59492202397700DBBBA9 /* Array.hpp */,
				1092CBA7220E1B65008F30CC /* List.hpp */,
				1092CBAA220E1C9A008F30CC /* LinkedList.hpp */,
				101BF6CA22120DF70039BA97 /* Queue.hpp */,
				101BF6CD221211C70039BA97 /* Stack.hpp */,
			);
			path = Linear;
			sourceTree = "<group>";
		};
/* End PBXGroup section */

/* Begin PBXNativeTarget section */
		1065FF1921FF8BB8002D7E58 /* DataStructures */ = {
			isa = PBXNativeTarget;
			buildConfigurationList = 1065FF2121FF8BB8002D7E58 /* Build configuration list for PBXNativeTarget "DataStructures" */;
			buildPhases = (
				1065FF1621FF8BB8002D7E58 /* Sources */,
				1065FF1721FF8BB8002D7E58 /* Frameworks */,
				1065FF1821FF8BB8002D7E58 /* CopyFiles */,
			);
			buildRules = (
			);
			dependencies = (
			);
			name = DataStructures;
			productName = DataStructures;
			productReference = 1065FF1A21FF8BB8002D7E58 /* DataStructures */;
			productType = "com.apple.product-type.tool";
		};
/* End PBXNativeTarget section */

/* Begin PBXProject section */
		1065FF1221FF8BB8002D7E58 /* Project object */ = {
			isa = PBXProject;
			attributes = {
				LastUpgradeCheck = 1000;
				ORGANIZATIONNAME = CTEC;
				TargetAttributes = {
					1065FF1921FF8BB8002D7E58 = {
						CreatedOnToolsVersion = 10.0;
					};
				};
			};
			buildConfigurationList = 1065FF1521FF8BB8002D7E58 /* Build configuration list for PBXProject "DataStructures" */;
			compatibilityVersion = "Xcode 9.3";
			developmentRegion = en;
			hasScannedForEncodings = 0;
			knownRegions = (
				en,
			);
			mainGroup = 1065FF1121FF8BB8002D7E58;
			productRefGroup = 1065FF1B21FF8BB8002D7E58 /* Products */;
			projectDirPath = "";
			projectRoot = "";
			targets = (
				1065FF1921FF8BB8002D7E58 /* DataStructures */,
			);
		};
/* End PBXProject section */

/* Begin PBXSourcesBuildPhase section */
		1065FF1621FF8BB8002D7E58 /* Sources */ = {
			isa = PBXSourcesBuildPhase;
			buildActionMask = 2147483647;
			files = (
				10E8A348220A19A200638E7E /* Timer.cpp in Sources */,
				105B3D9D22415EDA007CD0EF /* GraphTester.cpp in Sources */,
				10E8A351220A1FF900638E7E /* CrimeData.cpp in Sources */,
				1065FF2821FF8C25002D7E58 /* Runner.cpp in Sources */,
				101BF6C72212077B0039BA97 /* Music.cpp in Sources */,
				1065FF2621FF8C13002D7E58 /* Controller.cpp in Sources */,
				10E8A34D220A1FD100638E7E /* FileController.cpp in Sources */,
				10E668142214AEAC00398959 /* LinearTester.cpp in Sources */,
			);
			runOnlyForDeploymentPostprocessing = 0;
		};
/* End PBXSourcesBuildPhase section */

/* Begin XCBuildConfiguration section */
		1065FF1F21FF8BB8002D7E58 /* Debug */ = {
			isa = XCBuildConfiguration;
			buildSettings = {
				ALWAYS_SEARCH_USER_PATHS = NO;
				CLANG_ANALYZER_NONNULL = YES;
				CLANG_ANALYZER_NUMBER_OBJECT_CONVERSION = YES_AGGRESSIVE;
				CLANG_CXX_LANGUAGE_STANDARD = "gnu++14";
				CLANG_CXX_LIBRARY = "libc++";
				CLANG_ENABLE_MODULES = YES;
				CLANG_ENABLE_OBJC_ARC = YES;
				CLANG_ENABLE_OBJC_WEAK = YES;
				CLANG_WARN_BLOCK_CAPTURE_AUTORELEASING = YES;
				CLANG_WARN_BOOL_CONVERSION = YES;
				CLANG_WARN_COMMA = YES;
				CLANG_WARN_CONSTANT_CONVERSION = YES;
				CLANG_WARN_DEPRECATED_OBJC_IMPLEMENTATIONS = YES;
				CLANG_WARN_DIRECT_OBJC_ISA_USAGE = YES_ERROR;
				CLANG_WARN_DOCUMENTATION_COMMENTS = YES;
				CLANG_WARN_EMPTY_BODY = YES;
				CLANG_WARN_ENUM_CONVERSION = YES;
				CLANG_WARN_INFINITE_RECURSION = YES;
				CLANG_WARN_INT_CONVERSION = YES;
				CLANG_WARN_NON_LITERAL_NULL_CONVERSION = YES;
				CLANG_WARN_OBJC_IMPLICIT_RETAIN_SELF = YES;
				CLANG_WARN_OBJC_LITERAL_CONVERSION = YES;
				CLANG_WARN_OBJC_ROOT_CLASS = YES_ERROR;
				CLANG_WARN_RANGE_LOOP_ANALYSIS = YES;
				CLANG_WARN_STRICT_PROTOTYPES = YES;
				CLANG_WARN_SUSPICIOUS_MOVE = YES;
				CLANG_WARN_UNGUARDED_AVAILABILITY = YES_AGGRESSIVE;
				CLANG_WARN_UNREACHABLE_CODE = YES;
				CLANG_WARN__DUPLICATE_METHOD_MATCH = YES;
				CODE_SIGN_IDENTITY = "-";
				COPY_PHASE_STRIP = NO;
				DEBUG_INFORMATION_FORMAT = dwarf;
				ENABLE_STRICT_OBJC_MSGSEND = YES;
				ENABLE_TESTABILITY = YES;
				GCC_C_LANGUAGE_STANDARD = gnu11;
				GCC_DYNAMIC_NO_PIC = NO;
				GCC_NO_COMMON_BLOCKS = YES;
				GCC_OPTIMIZATION_LEVEL = 0;
				GCC_PREPROCESSOR_DEFINITIONS = (
					"DEBUG=1",
					"$(inherited)",
				);
				GCC_WARN_64_TO_32_BIT_CONVERSION = YES;
				GCC_WARN_ABOUT_RETURN_TYPE = YES_ERROR;
				GCC_WARN_UNDECLARED_SELECTOR = YES;
				GCC_WARN_UNINITIALIZED_AUTOS = YES_AGGRESSIVE;
				GCC_WARN_UNUSED_FUNCTION = YES;
				GCC_WARN_UNUSED_VARIABLE = YES;
				MACOSX_DEPLOYMENT_TARGET = 10.13;
				MTL_ENABLE_DEBUG_INFO = INCLUDE_SOURCE;
				MTL_FAST_MATH = YES;
				ONLY_ACTIVE_ARCH = YES;
				SDKROOT = macosx;
			};
			name = Debug;
		};
		1065FF2021FF8BB8002D7E58 /* Release */ = {
			isa = XCBuildConfiguration;
			buildSettings = {
				ALWAYS_SEARCH_USER_PATHS = NO;
				CLANG_ANALYZER_NONNULL = YES;
				CLANG_ANALYZER_NUMBER_OBJECT_CONVERSION = YES_AGGRESSIVE;
				CLANG_CXX_LANGUAGE_STANDARD = "gnu++14";
				CLANG_CXX_LIBRARY = "libc++";
				CLANG_ENABLE_MODULES = YES;
				CLANG_ENABLE_OBJC_ARC = YES;
				CLANG_ENABLE_OBJC_WEAK = YES;
				CLANG_WARN_BLOCK_CAPTURE_AUTORELEASING = YES;
				CLANG_WARN_BOOL_CONVERSION = YES;
				CLANG_WARN_COMMA = YES;
				CLANG_WARN_CONSTANT_CONVERSION = YES;
				CLANG_WARN_DEPRECATED_OBJC_IMPLEMENTATIONS = YES;
				CLANG_WARN_DIRECT_OBJC_ISA_USAGE = YES_ERROR;
				CLANG_WARN_DOCUMENTATION_COMMENTS = YES;
				CLANG_WARN_EMPTY_BODY = YES;
				CLANG_WARN_ENUM_CONVERSION = YES;
				CLANG_WARN_INFINITE_RECURSION = YES;
				CLANG_WARN_INT_CONVERSION = YES;
				CLANG_WARN_NON_LITERAL_NULL_CONVERSION = YES;
				CLANG_WARN_OBJC_IMPLICIT_RETAIN_SELF = YES;
				CLANG_WARN_OBJC_LITERAL_CONVERSION = YES;
				CLANG_WARN_OBJC_ROOT_CLASS = YES_ERROR;
				CLANG_WARN_RANGE_LOOP_ANALYSIS = YES;
				CLANG_WARN_STRICT_PROTOTYPES = YES;
				CLANG_WARN_SUSPICIOUS_MOVE = YES;
				CLANG_WARN_UNGUARDED_AVAILABILITY = YES_AGGRESSIVE;
				CLANG_WARN_UNREACHABLE_CODE = YES;
				CLANG_WARN__DUPLICATE_METHOD_MATCH = YES;
				CODE_SIGN_IDENTITY = "-";
				COPY_PHASE_STRIP = NO;
				DEBUG_INFORMATION_FORMAT = "dwarf-with-dsym";
				ENABLE_NS_ASSERTIONS = NO;
				ENABLE_STRICT_OBJC_MSGSEND = YES;
				GCC_C_LANGUAGE_STANDARD = gnu11;
				GCC_NO_COMMON_BLOCKS = YES;
				GCC_WARN_64_TO_32_BIT_CONVERSION = YES;
				GCC_WARN_ABOUT_RETURN_TYPE = YES_ERROR;
				GCC_WARN_UNDECLARED_SELECTOR = YES;
				GCC_WARN_UNINITIALIZED_AUTOS = YES_AGGRESSIVE;
				GCC_WARN_UNUSED_FUNCTION = YES;
				GCC_WARN_UNUSED_VARIABLE = YES;
				MACOSX_DEPLOYMENT_TARGET = 10.13;
				MTL_ENABLE_DEBUG_INFO = NO;
				MTL_FAST_MATH = YES;
				SDKROOT = macosx;
			};
			name = Release;
		};
		1065FF2221FF8BB8002D7E58 /* Debug */ = {
			isa = XCBuildConfiguration;
			buildSettings = {
				CODE_SIGN_STYLE = Automatic;
				PRODUCT_NAME = "$(TARGET_NAME)";
			};
			name = Debug;
		};
		1065FF2321FF8BB8002D7E58 /* Release */ = {
			isa = XCBuildConfiguration;
			buildSettings = {
				CODE_SIGN_STYLE = Automatic;
				PRODUCT_NAME = "$(TARGET_NAME)";
			};
			name = Release;
		};
/* End XCBuildConfiguration section */

/* Begin XCConfigurationList section */
		1065FF1521FF8BB8002D7E58 /* Build configuration list for PBXProject "DataStructures" */ = {
			isa = XCConfigurationList;
			buildConfigurations = (
				1065FF1F21FF8BB8002D7E58 /* Debug */,
				1065FF2021FF8BB8002D7E58 /* Release */,
			);
			defaultConfigurationIsVisible = 0;
			defaultConfigurationName = Release;
		};
		1065FF2121FF8BB8002D7E58 /* Build configuration list for PBXNativeTarget "DataStructures" */ = {
			isa = XCConfigurationList;
			buildConfigurations = (
				1065FF2221FF8BB8002D7E58 /* Debug */,
				1065FF2321FF8BB8002D7E58 /* Release */,
			);
			defaultConfigurationIsVisible = 0;
			defaultConfigurationName = Release;
		};
/* End XCConfigurationList section */
	};
	rootObject = 1065FF1221FF8BB8002D7E58 /* Project object */;
}
